
Microsoft Visual Studio Solution File, Format Version 12.00
# Visual Studio 15
VisualStudioVersion = 15.0.28307.572
MinimumVisualStudioVersion = 10.0.40219.1
Project("{2150E333-8FDC-42A3-9474-1A3956D46DE8}") = "BLL", "BLL", "{A06C55CB-25D1-43C8-8DAB-C1110B2B6100}"
EndProject
Project("{2150E333-8FDC-42A3-9474-1A3956D46DE8}") = "DAL", "DAL", "{64DB4853-498A-4BDC-888D-0AD7D9F40EC0}"
EndProject
Project("{2150E333-8FDC-42A3-9474-1A3956D46DE8}") = "Model", "Model", "{B8764601-DAB9-45F1-A8F3-9D50C1DEAE76}"
EndProject
Project("{2150E333-8FDC-42A3-9474-1A3956D46DE8}") = "UI", "UI", "{E1B2247C-DCBB-4AB8-ADED-A3B5F4E556C8}"
EndProject
Project("{FAE04EC0-301F-11D3-BF4B-00C04F79EFBC}") = "Company.BLL", "Company.BLL\Company.BLL.csproj", "{0259572D-6F58-4236-8D51-E87EA2849E4D}"
EndProject
Project("{FAE04EC0-301F-11D3-BF4B-00C04F79EFBC}") = "Company.BLLContainer", "Company.BLLContainer\Company.BLLContainer.csproj", "{FCE06E91-5C82-46E9-85CE-83AE8F9F2D7D}"
EndProject
Project("{FAE04EC0-301F-11D3-BF4B-00C04F79EFBC}") = "Company.IBLL", "Company.IBLL\Company.IBLL.csproj", "{59A878E3-054D-464C-9433-5A94F1C59BF5}"
EndProject
Project("{FAE04EC0-301F-11D3-BF4B-00C04F79EFBC}") = "Company.DAL", "Company.DAL\Company.DAL.csproj", "{30BD27F4-B204-42F6-BC16-A8EF20C993FE}"
EndProject
Project("{FAE04EC0-301F-11D3-BF4B-00C04F79EFBC}") = "Company.DALContainer", "Company.DALContainer\Company.DALContainer.csproj", "{682F7CC6-CF9D-478D-A28D-8F5803A0443D}"
EndProject
Project("{FAE04EC0-301F-11D3-BF4B-00C04F79EFBC}") = "Company.IDAL", "Company.IDAL\Company.IDAL.csproj", "{7F7CD832-31C0-4AF4-A13A-5CCD13E413ED}"
EndProject
Project("{FAE04EC0-301F-11D3-BF4B-00C04F79EFBC}") = "Company.Model", "Company.Model\Company.Model.csproj", "{EEC5B9A8-9407-435B-A10B-9A6109BB2130}"
EndProject
Project("{FAE04EC0-301F-11D3-BF4B-00C04F79EFBC}") = "Company.UI", "Company.UI\Company.UI.csproj", "{39118071-4404-4236-A4D5-8D1F22801628}"
EndProject
Global
	GlobalSection(SolutionConfigurationPlatforms) = preSolution
		Debug|Any CPU = Debug|Any CPU
		Release|Any CPU = Release|Any CPU
	EndGlobalSection
	GlobalSection(ProjectConfigurationPlatforms) = postSolution
		{0259572D-6F58-4236-8D51-E87EA2849E4D}.Debug|Any CPU.ActiveCfg = Debug|Any CPU
		{0259572D-6F58-4236-8D51-E87EA2849E4D}.Debug|Any CPU.Build.0 = Debug|Any CPU
		{0259572D-6F58-4236-8D51-E87EA2849E4D}.Release|Any CPU.ActiveCfg = Release|Any CPU
		{0259572D-6F58-4236-8D51-E87EA2849E4D}.Release|Any CPU.Build.0 = Release|Any CPU
		{FCE06E91-5C82-46E9-85CE-83AE8F9F2D7D}.Debug|Any CPU.ActiveCfg = Debug|Any CPU
		{FCE06E91-5C82-46E9-85CE-83AE8F9F2D7D}.Debug|Any CPU.Build.0 = Debug|Any CPU
		{FCE06E91-5C82-46E9-85CE-83AE8F9F2D7D}.Release|Any CPU.ActiveCfg = Release|Any CPU
		{FCE06E91-5C82-46E9-85CE-83AE8F9F2D7D}.Release|Any CPU.Build.0 = Release|Any CPU
		{59A878E3-054D-464C-9433-5A94F1C59BF5}.Debug|Any CPU.ActiveCfg = Debug|Any CPU
		{59A878E3-054D-464C-9433-5A94F1C59BF5}.Debug|Any CPU.Build.0 = Debug|Any CPU
		{59A878E3-054D-464C-9433-5A94F1C59BF5}.Release|Any CPU.ActiveCfg = Release|Any CPU
		{59A878E3-054D-464C-9433-5A94F1C59BF5}.Release|Any CPU.Build.0 = Release|Any CPU
		{30BD27F4-B204-42F6-BC16-A8EF20C993FE}.Debug|Any CPU.ActiveCfg = Debug|Any CPU
		{30BD27F4-B204-42F6-BC16-A8EF20C993FE}.Debug|Any CPU.Build.0 = Debug|Any CPU
		{30BD27F4-B204-42F6-BC16-A8EF20C993FE}.Release|Any CPU.ActiveCfg = Release|Any CPU
		{30BD27F4-B204-42F6-BC16-A8EF20C993FE}.Release|Any CPU.Build.0 = Release|Any CPU
		{682F7CC6-CF9D-478D-A28D-8F5803A0443D}.Debug|Any CPU.ActiveCfg = Debug|Any CPU
		{682F7CC6-CF9D-478D-A28D-8F5803A0443D}.Debug|Any CPU.Build.0 = Debug|Any CPU
		{682F7CC6-CF9D-478D-A28D-8F5803A0443D}.Release|Any CPU.ActiveCfg = Release|Any CPU
		{682F7CC6-CF9D-478D-A28D-8F5803A0443D}.Release|Any CPU.Build.0 = Release|Any CPU
		{7F7CD832-31C0-4AF4-A13A-5CCD13E413ED}.Debug|Any CPU.ActiveCfg = Debug|Any CPU
		{7F7CD832-31C0-4AF4-A13A-5CCD13E413ED}.Debug|Any CPU.Build.0 = Debug|Any CPU
		{7F7CD832-31C0-4AF4-A13A-5CCD13E413ED}.Release|Any CPU.ActiveCfg = Release|Any CPU
		{7F7CD832-31C0-4AF4-A13A-5CCD13E413ED}.Release|Any CPU.Build.0 = Release|Any CPU
		{EEC5B9A8-9407-435B-A10B-9A6109BB2130}.Debug|Any CPU.ActiveCfg = Debug|Any CPU
		{EEC5B9A8-9407-435B-A10B-9A6109BB2130}.Debug|Any CPU.Build.0 = Debug|Any CPU
		{EEC5B9A8-9407-435B-A10B-9A6109BB2130}.Release|Any CPU.ActiveCfg = Release|Any CPU
		{EEC5B9A8-9407-435B-A10B-9A6109BB2130}.Release|Any CPU.Build.0 = Release|Any CPU
		{39118071-4404-4236-A4D5-8D1F22801628}.Debug|Any CPU.ActiveCfg = Debug|Any CPU
		{39118071-4404-4236-A4D5-8D1F22801628}.Debug|Any CPU.Build.0 = Debug|Any CPU
		{39118071-4404-4236-A4D5-8D1F22801628}.Release|Any CPU.ActiveCfg = Release|Any CPU
		{39118071-4404-4236-A4D5-8D1F22801628}.Release|Any CPU.Build.0 = Release|Any CPU
	EndGlobalSection
	GlobalSection(SolutionProperties) = preSolution
		HideSolutionNode = FALSE
	EndGlobalSection
	GlobalSection(NestedProjects) = preSolution
		{0259572D-6F58-4236-8D51-E87EA2849E4D} = {A06C55CB-25D1-43C8-8DAB-C1110B2B6100}
		{FCE06E91-5C82-46E9-85CE-83AE8F9F2D7D} = {A06C55CB-25D1-43C8-8DAB-C1110B2B6100}
		{59A878E3-054D-464C-9433-5A94F1C59BF5} = {A06C55CB-25D1-43C8-8DAB-C1110B2B6100}
		{30BD27F4-B204-42F6-BC16-A8EF20C993FE} = {64DB4853-498A-4BDC-888D-0AD7D9F40EC0}
		{682F7CC6-CF9D-478D-A28D-8F5803A0443D} = {64DB4853-498A-4BDC-888D-0AD7D9F40EC0}
		{7F7CD832-31C0-4AF4-A13A-5CCD13E413ED} = {64DB4853-498A-4BDC-888D-0AD7D9F40EC0}
		{EEC5B9A8-9407-435B-A10B-9A6109BB2130} = {B8764601-DAB9-45F1-A8F3-9D50C1DEAE76}
		{39118071-4404-4236-A4D5-8D1F22801628} = {E1B2247C-DCBB-4AB8-ADED-A3B5F4E556C8}
	EndGlobalSection
	GlobalSection(ExtensibilityGlobals) = postSolution
		SolutionGuid = {80B9A7C2-01FE-44EE-A2BC-271D3EA77E1A}
	EndGlobalSection
EndGlobal
